// !$*UTF8*$!
{
	archiveVersion = 1;
	classes = {
	};
	objectVersion = 46;
	objects = {

/* Begin PBXBuildFile section */
		212A1C321E8A646900FE3D27 /* RGBAColorFromString.swift in Sources */ = {isa = PBXBuildFile; fileRef = 212A1C311E8A646900FE3D27 /* RGBAColorFromString.swift */; };
		212A1C351E8A647200FE3D27 /* PickFlavorDataSource.swift in Sources */ = {isa = PBXBuildFile; fileRef = 212A1C331E8A647200FE3D27 /* PickFlavorDataSource.swift */; };
		212A1C361E8A647200FE3D27 /* PickFlavorViewController.swift in Sources */ = {isa = PBXBuildFile; fileRef = 212A1C341E8A647200FE3D27 /* PickFlavorViewController.swift */; };
		212A1C381E8A647900FE3D27 /* FlavorFactory.swift in Sources */ = {isa = PBXBuildFile; fileRef = 212A1C371E8A647900FE3D27 /* FlavorFactory.swift */; };
		212A1C3A1E8A648200FE3D27 /* Flavor.swift in Sources */ = {isa = PBXBuildFile; fileRef = 212A1C391E8A648200FE3D27 /* Flavor.swift */; };
		212A1C3D1E8A678500FE3D27 /* background.jpg in Resources */ = {isa = PBXBuildFile; fileRef = 212A1C3C1E8A678500FE3D27 /* background.jpg */; };
		212A1C411E8A67C100FE3D27 /* IceCreamView.swift in Sources */ = {isa = PBXBuildFile; fileRef = 212A1C3E1E8A67C100FE3D27 /* IceCreamView.swift */; };
		212A1C421E8A67C100FE3D27 /* ScoopCell.swift in Sources */ = {isa = PBXBuildFile; fileRef = 212A1C3F1E8A67C100FE3D27 /* ScoopCell.swift */; };
		212A1C431E8A67C100FE3D27 /* ScoopView.swift in Sources */ = {isa = PBXBuildFile; fileRef = 212A1C401E8A67C100FE3D27 /* ScoopView.swift */; };
		212A1C461E8A67CB00FE3D27 /* LaunchScreen.xib in Resources */ = {isa = PBXBuildFile; fileRef = 212A1C441E8A67CB00FE3D27 /* LaunchScreen.xib */; };
		212A1C471E8A67CB00FE3D27 /* Main.storyboard in Resources */ = {isa = PBXBuildFile; fileRef = 212A1C451E8A67CB00FE3D27 /* Main.storyboard */; };
		21D8FC651E8A59D900B2F920 /* RWPickFlavor.h in Headers */ = {isa = PBXBuildFile; fileRef = 21D8FC641E8A59D900B2F920 /* RWPickFlavor.h */; settings = {ATTRIBUTES = (Public, ); }; };
		21D8FC6C1E8A59D900B2F920 /* RWPickFlavor.framework in Frameworks */ = {isa = PBXBuildFile; fileRef = 21D8FC611E8A59D900B2F920 /* RWPickFlavor.framework */; };
		21D8FC711E8A59D900B2F920 /* RWPickFlavorTests.swift in Sources */ = {isa = PBXBuildFile; fileRef = 21D8FC701E8A59D900B2F920 /* RWPickFlavorTests.swift */; };
		AEB49ACB44F2F9A98353C958 /* Pods_RWPickFlavor.framework in Frameworks */ = {isa = PBXBuildFile; fileRef = F39EEE9A542E6D16596E09E2 /* Pods_RWPickFlavor.framework */; };
/* End PBXBuildFile section */

/* Begin PBXContainerItemProxy section */
		21D8FC6D1E8A59D900B2F920 /* PBXContainerItemProxy */ = {
			isa = PBXContainerItemProxy;
			containerPortal = 21D8FC581E8A59D900B2F920 /* Project object */;
			proxyType = 1;
			remoteGlobalIDString = 21D8FC601E8A59D900B2F920;
			remoteInfo = RWPickFlavor;
		};
/* End PBXContainerItemProxy section */

/* Begin PBXFileReference section */
		01808314224EC45AD4104E3B /* Pods-RWPickFlavor.debug.xcconfig */ = {isa = PBXFileReference; includeInIndex = 1; lastKnownFileType = text.xcconfig; name = "Pods-RWPickFlavor.debug.xcconfig"; path = "Pods/Target Support Files/Pods-RWPickFlavor/Pods-RWPickFlavor.debug.xcconfig"; sourceTree = "<group>"; };
		212A1C311E8A646900FE3D27 /* RGBAColorFromString.swift */ = {isa = PBXFileReference; fileEncoding = 4; lastKnownFileType = sourcecode.swift; path = RGBAColorFromString.swift; sourceTree = "<group>"; };
		212A1C331E8A647200FE3D27 /* PickFlavorDataSource.swift */ = {isa = PBXFileReference; fileEncoding = 4; lastKnownFileType = sourcecode.swift; path = PickFlavorDataSource.swift; sourceTree = "<group>"; };
		212A1C341E8A647200FE3D27 /* PickFlavorViewController.swift */ = {isa = PBXFileReference; fileEncoding = 4; lastKnownFileType = sourcecode.swift; path = PickFlavorViewController.swift; sourceTree = "<group>"; };
		212A1C371E8A647900FE3D27 /* FlavorFactory.swift */ = {isa = PBXFileReference; fileEncoding = 4; lastKnownFileType = sourcecode.swift; path = FlavorFactory.swift; sourceTree = "<group>"; };
		212A1C391E8A648200FE3D27 /* Flavor.swift */ = {isa = PBXFileReference; fileEncoding = 4; lastKnownFileType = sourcecode.swift; path = Flavor.swift; sourceTree = "<group>"; };
		212A1C3C1E8A678500FE3D27 /* background.jpg */ = {isa = PBXFileReference; lastKnownFileType = image.jpeg; path = background.jpg; sourceTree = "<group>"; };
		212A1C3E1E8A67C100FE3D27 /* IceCreamView.swift */ = {isa = PBXFileReference; fileEncoding = 4; lastKnownFileType = sourcecode.swift; path = IceCreamView.swift; sourceTree = "<group>"; };
		212A1C3F1E8A67C100FE3D27 /* ScoopCell.swift */ = {isa = PBXFileReference; fileEncoding = 4; lastKnownFileType = sourcecode.swift; path = ScoopCell.swift; sourceTree = "<group>"; };
		212A1C401E8A67C100FE3D27 /* ScoopView.swift */ = {isa = PBXFileReference; fileEncoding = 4; lastKnownFileType = sourcecode.swift; path = ScoopView.swift; sourceTree = "<group>"; };
		212A1C441E8A67CB00FE3D27 /* LaunchScreen.xib */ = {isa = PBXFileReference; fileEncoding = 4; lastKnownFileType = file.xib; path = LaunchScreen.xib; sourceTree = "<group>"; };
		212A1C451E8A67CB00FE3D27 /* Main.storyboard */ = {isa = PBXFileReference; fileEncoding = 4; lastKnownFileType = file.storyboard; path = Main.storyboard; sourceTree = "<group>"; };
		21D8FC611E8A59D900B2F920 /* RWPickFlavor.framework */ = {isa = PBXFileReference; explicitFileType = wrapper.framework; includeInIndex = 0; path = RWPickFlavor.framework; sourceTree = BUILT_PRODUCTS_DIR; };
		21D8FC641E8A59D900B2F920 /* RWPickFlavor.h */ = {isa = PBXFileReference; lastKnownFileType = sourcecode.c.h; path = RWPickFlavor.h; sourceTree = "<group>"; };
		21D8FC661E8A59D900B2F920 /* Info.plist */ = {isa = PBXFileReference; lastKnownFileType = text.plist.xml; path = Info.plist; sourceTree = "<group>"; };
		21D8FC6B1E8A59D900B2F920 /* RWPickFlavorTests.xctest */ = {isa = PBXFileReference; explicitFileType = wrapper.cfbundle; includeInIndex = 0; path = RWPickFlavorTests.xctest; sourceTree = BUILT_PRODUCTS_DIR; };
		21D8FC701E8A59D900B2F920 /* RWPickFlavorTests.swift */ = {isa = PBXFileReference; lastKnownFileType = sourcecode.swift; path = RWPickFlavorTests.swift; sourceTree = "<group>"; };
		21D8FC721E8A59D900B2F920 /* Info.plist */ = {isa = PBXFileReference; lastKnownFileType = text.plist.xml; path = Info.plist; sourceTree = "<group>"; };
		851B50157C757B898747A3BB /* Pods-RWPickFlavor.release.xcconfig */ = {isa = PBXFileReference; includeInIndex = 1; lastKnownFileType = text.xcconfig; name = "Pods-RWPickFlavor.release.xcconfig"; path = "Pods/Target Support Files/Pods-RWPickFlavor/Pods-RWPickFlavor.release.xcconfig"; sourceTree = "<group>"; };
		F39EEE9A542E6D16596E09E2 /* Pods_RWPickFlavor.framework */ = {isa = PBXFileReference; explicitFileType = wrapper.framework; includeInIndex = 0; path = Pods_RWPickFlavor.framework; sourceTree = BUILT_PRODUCTS_DIR; };
/* End PBXFileReference section */

/* Begin PBXFrameworksBuildPhase section */
		21D8FC5D1E8A59D900B2F920 /* Frameworks */ = {
			isa = PBXFrameworksBuildPhase;
			buildActionMask = 2147483647;
			files = (
				AEB49ACB44F2F9A98353C958 /* Pods_RWPickFlavor.framework in Frameworks */,
			);
			runOnlyForDeploymentPostprocessing = 0;
		};
		21D8FC681E8A59D900B2F920 /* Frameworks */ = {
			isa = PBXFrameworksBuildPhase;
			buildActionMask = 2147483647;
			files = (
				21D8FC6C1E8A59D900B2F920 /* RWPickFlavor.framework in Frameworks */,
			);
			runOnlyForDeploymentPostprocessing = 0;
		};
/* End PBXFrameworksBuildPhase section */

/* Begin PBXGroup section */
		212A1C2D1E8A634B00FE3D27 /* Categories */ = {
			isa = PBXGroup;
			children = (
				212A1C311E8A646900FE3D27 /* RGBAColorFromString.swift */,
			);
			name = Categories;
			sourceTree = "<group>";
		};
		212A1C2E1E8A635500FE3D27 /* Controllers */ = {
			isa = PBXGroup;
			children = (
				212A1C331E8A647200FE3D27 /* PickFlavorDataSource.swift */,
				212A1C341E8A647200FE3D27 /* PickFlavorViewController.swift */,
			);
			name = Controllers;
			sourceTree = "<group>";
		};
		212A1C2F1E8A645100FE3D27 /* Factories */ = {
			isa = PBXGroup;
			children = (
				212A1C371E8A647900FE3D27 /* FlavorFactory.swift */,
			);
			name = Factories;
			sourceTree = "<group>";
		};
		212A1C301E8A645D00FE3D27 /* Models */ = {
			isa = PBXGroup;
			children = (
				212A1C391E8A648200FE3D27 /* Flavor.swift */,
			);
			name = Models;
			sourceTree = "<group>";
		};
		212A1C3B1E8A650000FE3D27 /* Views */ = {
			isa = PBXGroup;
			children = (
				212A1C3E1E8A67C100FE3D27 /* IceCreamView.swift */,
				212A1C3F1E8A67C100FE3D27 /* ScoopCell.swift */,
				212A1C401E8A67C100FE3D27 /* ScoopView.swift */,
				212A1C3C1E8A678500FE3D27 /* background.jpg */,
				212A1C441E8A67CB00FE3D27 /* LaunchScreen.xib */,
				212A1C451E8A67CB00FE3D27 /* Main.storyboard */,
			);
			name = Views;
			sourceTree = "<group>";
		};
		21D8FC571E8A59D900B2F920 = {
			isa = PBXGroup;
			children = (
				21D8FC631E8A59D900B2F920 /* RWPickFlavor */,
				21D8FC6F1E8A59D900B2F920 /* RWPickFlavorTests */,
				21D8FC621E8A59D900B2F920 /* Products */,
				627249262975EB92694329DE /* Pods */,
				6C2DF18CAA91A0ADD05CDD83 /* Frameworks */,
			);
			sourceTree = "<group>";
		};
		21D8FC621E8A59D900B2F920 /* Products */ = {
			isa = PBXGroup;
			children = (
				21D8FC611E8A59D900B2F920 /* RWPickFlavor.framework */,
				21D8FC6B1E8A59D900B2F920 /* RWPickFlavorTests.xctest */,
			);
			name = Products;
			sourceTree = "<group>";
		};
		21D8FC631E8A59D900B2F920 /* RWPickFlavor */ = {
			isa = PBXGroup;
			children = (
				212A1C3B1E8A650000FE3D27 /* Views */,
				212A1C301E8A645D00FE3D27 /* Models */,
				212A1C2F1E8A645100FE3D27 /* Factories */,
				212A1C2E1E8A635500FE3D27 /* Controllers */,
				212A1C2D1E8A634B00FE3D27 /* Categories */,
				21D8FC641E8A59D900B2F920 /* RWPickFlavor.h */,
				21D8FC661E8A59D900B2F920 /* Info.plist */,
			);
			path = RWPickFlavor;
			sourceTree = "<group>";
		};
		21D8FC6F1E8A59D900B2F920 /* RWPickFlavorTests */ = {
			isa = PBXGroup;
			children = (
				21D8FC701E8A59D900B2F920 /* RWPickFlavorTests.swift */,
				21D8FC721E8A59D900B2F920 /* Info.plist */,
			);
			path = RWPickFlavorTests;
			sourceTree = "<group>";
		};
		627249262975EB92694329DE /* Pods */ = {
			isa = PBXGroup;
			children = (
				01808314224EC45AD4104E3B /* Pods-RWPickFlavor.debug.xcconfig */,
				851B50157C757B898747A3BB /* Pods-RWPickFlavor.release.xcconfig */,
			);
			name = Pods;
			sourceTree = "<group>";
		};
		6C2DF18CAA91A0ADD05CDD83 /* Frameworks */ = {
			isa = PBXGroup;
			children = (
				F39EEE9A542E6D16596E09E2 /* Pods_RWPickFlavor.framework */,
			);
			name = Frameworks;
			sourceTree = "<group>";
		};
/* End PBXGroup section */

/* Begin PBXHeadersBuildPhase section */
		21D8FC5E1E8A59D900B2F920 /* Headers */ = {
			isa = PBXHeadersBuildPhase;
			buildActionMask = 2147483647;
			files = (
				21D8FC651E8A59D900B2F920 /* RWPickFlavor.h in Headers */,
			);
			runOnlyForDeploymentPostprocessing = 0;
		};
/* End PBXHeadersBuildPhase section */

/* Begin PBXNativeTarget section */
		21D8FC601E8A59D900B2F920 /* RWPickFlavor */ = {
			isa = PBXNativeTarget;
			buildConfigurationList = 21D8FC751E8A59D900B2F920 /* Build configuration list for PBXNativeTarget "RWPickFlavor" */;
			buildPhases = (
				273A31274FDC019DDC53FBF5 /* [CP] Check Pods Manifest.lock */,
				21D8FC5C1E8A59D900B2F920 /* Sources */,
				21D8FC5D1E8A59D900B2F920 /* Frameworks */,
				21D8FC5E1E8A59D900B2F920 /* Headers */,
				21D8FC5F1E8A59D900B2F920 /* Resources */,
				6C727C5B72687507AB66A15A /* [CP] Copy Pods Resources */,
			);
			buildRules = (
			);
			dependencies = (
			);
			name = RWPickFlavor;
			productName = RWPickFlavor;
			productReference = 21D8FC611E8A59D900B2F920 /* RWPickFlavor.framework */;
			productType = "com.apple.product-type.framework";
		};
		21D8FC6A1E8A59D900B2F920 /* RWPickFlavorTests */ = {
			isa = PBXNativeTarget;
			buildConfigurationList = 21D8FC781E8A59D900B2F920 /* Build configuration list for PBXNativeTarget "RWPickFlavorTests" */;
			buildPhases = (
				21D8FC671E8A59D900B2F920 /* Sources */,
				21D8FC681E8A59D900B2F920 /* Frameworks */,
				21D8FC691E8A59D900B2F920 /* Resources */,
			);
			buildRules = (
			);
			dependencies = (
				21D8FC6E1E8A59D900B2F920 /* PBXTargetDependency */,
			);
			name = RWPickFlavorTests;
			productName = RWPickFlavorTests;
			productReference = 21D8FC6B1E8A59D900B2F920 /* RWPickFlavorTests.xctest */;
			productType = "com.apple.product-type.bundle.unit-test";
		};
/* End PBXNativeTarget section */

/* Begin PBXProject section */
		21D8FC581E8A59D900B2F920 /* Project object */ = {
			isa = PBXProject;
			attributes = {
				LastSwiftUpdateCheck = 0730;
				LastUpgradeCheck = 0730;
				ORGANIZATIONNAME = ayechan;
				TargetAttributes = {
					21D8FC601E8A59D900B2F920 = {
						CreatedOnToolsVersion = 7.3.1;
					};
					21D8FC6A1E8A59D900B2F920 = {
						CreatedOnToolsVersion = 7.3.1;
					};
				};
			};
			buildConfigurationList = 21D8FC5B1E8A59D900B2F920 /* Build configuration list for PBXProject "RWPickFlavor" */;
			compatibilityVersion = "Xcode 3.2";
			developmentRegion = English;
			hasScannedForEncodings = 0;
			knownRegions = (
				en,
			);
			mainGroup = 21D8FC571E8A59D900B2F920;
			productRefGroup = 21D8FC621E8A59D900B2F920 /* Products */;
			projectDirPath = "";
			projectRoot = "";
			targets = (
				21D8FC601E8A59D900B2F920 /* RWPickFlavor */,
				21D8FC6A1E8A59D900B2F920 /* RWPickFlavorTests */,
			);
		};
/* End PBXProject section */

/* Begin PBXResourcesBuildPhase section */
		21D8FC5F1E8A59D900B2F920 /* Resources */ = {
			isa = PBXResourcesBuildPhase;
			buildActionMask = 2147483647;
			files = (
				212A1C471E8A67CB00FE3D27 /* Main.storyboard in Resources */,
				212A1C461E8A67CB00FE3D27 /* LaunchScreen.xib in Resources */,
				212A1C3D1E8A678500FE3D27 /* background.jpg in Resources */,
			);
			runOnlyForDeploymentPostprocessing = 0;
		};
		21D8FC691E8A59D900B2F920 /* Resources */ = {
			isa = PBXResourcesBuildPhase;
			buildActionMask = 2147483647;
			files = (
			);
			runOnlyForDeploymentPostprocessing = 0;
		};
/* End PBXResourcesBuildPhase section */

/* Begin PBXShellScriptBuildPhase section */
		273A31274FDC019DDC53FBF5 /* [CP] Check Pods Manifest.lock */ = {
			isa = PBXShellScriptBuildPhase;
			buildActionMask = 2147483647;
			files = (
			);
			inputPaths = (
			);
			name = "[CP] Check Pods Manifest.lock";
			outputPaths = (
			);
			runOnlyForDeploymentPostprocessing = 0;
			shellPath = /bin/sh;
			shellScript = "diff \"${PODS_ROOT}/../Podfile.lock\" \"${PODS_ROOT}/Manifest.lock\" > /dev/null\nif [ $? != 0 ] ; then\n    # print error to STDERR\n    echo \"error: The sandbox is not in sync with the Podfile.lock. Run 'pod install' or update your CocoaPods installation.\" >&2\n    exit 1\nfi\n";
			showEnvVarsInLog = 0;
		};
		6C727C5B72687507AB66A15A /* [CP] Copy Pods Resources */ = {
			isa = PBXShellScriptBuildPhase;
			buildActionMask = 2147483647;
			files = (
			);
			inputPaths = (
			);
			name = "[CP] Copy Pods Resources";
			outputPaths = (
			);
			runOnlyForDeploymentPostprocessing = 0;
			shellPath = /bin/sh;
			shellScript = "\"${SRCROOT}/Pods/Target Support Files/Pods-RWPickFlavor/Pods-RWPickFlavor-resources.sh\"\n";
			showEnvVarsInLog = 0;
		};
/* End PBXShellScriptBuildPhase section */

/* Begin PBXSourcesBuildPhase section */
		21D8FC5C1E8A59D900B2F920 /* Sources */ = {
			isa = PBXSourcesBuildPhase;
			buildActionMask = 2147483647;
			files = (
				212A1C381E8A647900FE3D27 /* FlavorFactory.swift in Sources */,
				212A1C431E8A67C100FE3D27 /* ScoopView.swift in Sources */,
				212A1C321E8A646900FE3D27 /* RGBAColorFromString.swift in Sources */,
				212A1C421E8A67C100FE3D27 /* ScoopCell.swift in Sources */,
				212A1C3A1E8A648200FE3D27 /* Flavor.swift in Sources */,
				212A1C351E8A647200FE3D27 /* PickFlavorDataSource.swift in Sources */,
				212A1C361E8A647200FE3D27 /* PickFlavorViewController.swift in Sources */,
				212A1C411E8A67C100FE3D27 /* IceCreamView.swift in Sources */,
			);
			runOnlyForDeploymentPostprocessing = 0;
		};
		21D8FC671E8A59D900B2F920 /* Sources */ = {
			isa = PBXSourcesBuildPhase;
			buildActionMask = 2147483647;
			files = (
				21D8FC711E8A59D900B2F920 /* RWPickFlavorTests.swift in Sources */,
			);
			runOnlyForDeploymentPostprocessing = 0;
		};
/* End PBXSourcesBuildPhase section */

/* Begin PBXTargetDependency section */
		21D8FC6E1E8A59D900B2F920 /* PBXTargetDependency */ = {
			isa = PBXTargetDependency;
			target = 21D8FC601E8A59D900B2F920 /* RWPickFlavor */;
			targetProxy = 21D8FC6D1E8A59D900B2F920 /* PBXContainerItemProxy */;
		};
/* End PBXTargetDependency section */

/* Begin XCBuildConfiguration section */
		21D8FC731E8A59D900B2F920 /* Debug */ = {
			isa = XCBuildConfiguration;
			buildSettings = {
				ALWAYS_SEARCH_USER_PATHS = NO;
				CLANG_ANALYZER_NONNULL = YES;
				CLANG_CXX_LANGUAGE_STANDARD = "gnu++0x";
				CLANG_CXX_LIBRARY = "libc++";
				CLANG_ENABLE_MODULES = YES;
				CLANG_ENABLE_OBJC_ARC = YES;
				CLANG_WARN_BOOL_CONVERSION = YES;
				CLANG_WARN_CONSTANT_CONVERSION = YES;
				CLANG_WARN_DIRECT_OBJC_ISA_USAGE = YES_ERROR;
				CLANG_WARN_EMPTY_BODY = YES;
				CLANG_WARN_ENUM_CONVERSION = YES;
				CLANG_WARN_INT_CONVERSION = YES;
				CLANG_WARN_OBJC_ROOT_CLASS = YES_ERROR;
				CLANG_WARN_UNREACHABLE_CODE = YES;
				CLANG_WARN__DUPLICATE_METHOD_MATCH = YES;
				"CODE_SIGN_IDENTITY[sdk=iphoneos*]" = "iPhone Developer";
				COPY_PHASE_STRIP = NO;
				CURRENT_PROJECT_VERSION = 1;
				DEBUG_INFORMATION_FORMAT = dwarf;
				ENABLE_STRICT_OBJC_MSGSEND = YES;
				ENABLE_TESTABILITY = YES;
				GCC_C_LANGUAGE_STANDARD = gnu99;
				GCC_DYNAMIC_NO_PIC = NO;
				GCC_NO_COMMON_BLOCKS = YES;
				GCC_OPTIMIZATION_LEVEL = 0;
				GCC_PREPROCESSOR_DEFINITIONS = (
					"DEBUG=1",
					"$(inherited)",
				);
				GCC_WARN_64_TO_32_BIT_CONVERSION = YES;
				GCC_WARN_ABOUT_RETURN_TYPE = YES_ERROR;
				GCC_WARN_UNDECLARED_SELECTOR = YES;
				GCC_WARN_UNINITIALIZED_AUTOS = YES_AGGRESSIVE;
				GCC_WARN_UNUSED_FUNCTION = YES;
				GCC_WARN_UNUSED_VARIABLE = YES;
				IPHONEOS_DEPLOYMENT_TARGET = 9.3;
				MTL_ENABLE_DEBUG_INFO = YES;
				ONLY_ACTIVE_ARCH = YES;
				SDKROOT = iphoneos;
				SWIFT_OPTIMIZATION_LEVEL = "-Onone";
				TARGETED_DEVICE_FAMILY = "1,2";
				VERSIONING_SYSTEM = "apple-generic";
				VERSION_INFO_PREFIX = "";
			};
			name = Debug;
		};
		21D8FC741E8A59D900B2F920 /* Release */ = {
			isa = XCBuildConfiguration;
			buildSettings = {
				ALWAYS_SEARCH_USER_PATHS = NO;
				CLANG_ANALYZER_NONNULL = YES;
				CLANG_CXX_LANGUAGE_STANDARD = "gnu++0x";
				CLANG_CXX_LIBRARY = "libc++";
				CLANG_ENABLE_MODULES = YES;
				CLANG_ENABLE_OBJC_ARC = YES;
				CLANG_WARN_BOOL_CONVERSION = YES;
				CLANG_WARN_CONSTANT_CONVERSION = YES;
				CLANG_WARN_DIRECT_OBJC_ISA_USAGE = YES_ERROR;
				CLANG_WARN_EMPTY_BODY = YES;
				CLANG_WARN_ENUM_CONVERSION = YES;
				CLANG_WARN_INT_CONVERSION = YES;
				CLANG_WARN_OBJC_ROOT_CLASS = YES_ERROR;
				CLANG_WARN_UNREACHABLE_CODE = YES;
				CLANG_WARN__DUPLICATE_METHOD_MATCH = YES;
				"CODE_SIGN_IDENTITY[sdk=iphoneos*]" = "iPhone Developer";
				COPY_PHASE_STRIP = NO;
				CURRENT_PROJECT_VERSION = 1;
				DEBUG_INFORMATION_FORMAT = "dwarf-with-dsym";
				ENABLE_NS_ASSERTIONS = NO;
				ENABLE_STRICT_OBJC_MSGSEND = YES;
				GCC_C_LANGUAGE_STANDARD = gnu99;
				GCC_NO_COMMON_BLOCKS = YES;
				GCC_WARN_64_TO_32_BIT_CONVERSION = YES;
				GCC_WARN_ABOUT_RETURN_TYPE = YES_ERROR;
				GCC_WARN_UNDECLARED_SELECTOR = YES;
				GCC_WARN_UNINITIALIZED_AUTOS = YES_AGGRESSIVE;
				GCC_WARN_UNUSED_FUNCTION = YES;
				GCC_WARN_UNUSED_VARIABLE = YES;
				IPHONEOS_DEPLOYMENT_TARGET = 9.3;
				MTL_ENABLE_DEBUG_INFO = NO;
				SDKROOT = iphoneos;
				TARGETED_DEVICE_FAMILY = "1,2";
				VALIDATE_PRODUCT = YES;
				VERSIONING_SYSTEM = "apple-generic";
				VERSION_INFO_PREFIX = "";
			};
			name = Release;
		};
		21D8FC761E8A59D900B2F920 /* Debug */ = {
			isa = XCBuildConfiguration;
			baseConfigurationReference = 01808314224EC45AD4104E3B /* Pods-RWPickFlavor.debug.xcconfig */;
			buildSettings = {
				CLANG_ENABLE_MODULES = YES;
				DEFINES_MODULE = YES;
				DYLIB_COMPATIBILITY_VERSION = 1;
				DYLIB_CURRENT_VERSION = 1;
				DYLIB_INSTALL_NAME_BASE = "@rpath";
				INFOPLIST_FILE = RWPickFlavor/Info.plist;
				INSTALL_PATH = "$(LOCAL_LIBRARY_DIR)/Frameworks";
				LD_RUNPATH_SEARCH_PATHS = "$(inherited) @executable_path/Frameworks @loader_path/Frameworks";
				PRODUCT_BUNDLE_IDENTIFIER = com.weeswares.RWPickFlavor;
				PRODUCT_NAME = "$(TARGET_NAME)";
				SKIP_INSTALL = YES;
				SWIFT_OPTIMIZATION_LEVEL = "-Onone";
			};
			name = Debug;
		};
		21D8FC771E8A59D900B2F920 /* Release */ = {
			isa = XCBuildConfiguration;
			baseConfigurationReference = 851B50157C757B898747A3BB /* Pods-RWPickFlavor.release.xcconfig */;
			buildSettings = {
				CLANG_ENABLE_MODULES = YES;
				DEFINES_MODULE = YES;
				DYLIB_COMPATIBILITY_VERSION = 1;
				DYLIB_CURRENT_VERSION = 1;
				DYLIB_INSTALL_NAME_BASE = "@rpath";
				INFOPLIST_FILE = RWPickFlavor/Info.plist;
				INSTALL_PATH = "$(LOCAL_LIBRARY_DIR)/Frameworks";
				LD_RUNPATH_SEARCH_PATHS = "$(inherited) @executable_path/Frameworks @loader_path/Frameworks";
				PRODUCT_BUNDLE_IDENTIFIER = com.weeswares.RWPickFlavor;
				PRODUCT_NAME = "$(TARGET_NAME)";
				SKIP_INSTALL = YES;
			};
			name = Release;
		};
		21D8FC791E8A59D900B2F920 /* Debug */ = {
			isa = XCBuildConfiguration;
			buildSettings = {
				INFOPLIST_FILE = RWPickFlavorTests/Info.plist;
				LD_RUNPATH_SEARCH_PATHS = "$(inherited) @executable_path/Frameworks @loader_path/Frameworks";
				PRODUCT_BUNDLE_IDENTIFIER = com.weeswares.RWPickFlavorTests;
				PRODUCT_NAME = "$(TARGET_NAME)";
			};
			name = Debug;
		};
		21D8FC7A1E8A59D900B2F920 /* Release */ = {
			isa = XCBuildConfiguration;
			buildSettings = {
				INFOPLIST_FILE = RWPickFlavorTests/Info.plist;
				LD_RUNPATH_SEARCH_PATHS = "$(inherited) @executable_path/Frameworks @loader_path/Frameworks";
				PRODUCT_BUNDLE_IDENTIFIER = com.weeswares.RWPickFlavorTests;
				PRODUCT_NAME = "$(TARGET_NAME)";
			};
			name = Release;
		};
/* End XCBuildConfiguration section */

/* Begin XCConfigurationList section */
		21D8FC5B1E8A59D900B2F920 /* Build configuration list for PBXProject "RWPickFlavor" */ = {
			isa = XCConfigurationList;
			buildConfigurations = (
				21D8FC731E8A59D900B2F920 /* Debug */,
				21D8FC741E8A59D900B2F920 /* Release */,
			);
			defaultConfigurationIsVisible = 0;
			defaultConfigurationName = Release;
		};
		21D8FC751E8A59D900B2F920 /* Build configuration list for PBXNativeTarget "RWPickFlavor" */ = {
			isa = XCConfigurationList;
			buildConfigurations = (
				21D8FC761E8A59D900B2F920 /* Debug */,
				21D8FC771E8A59D900B2F920 /* Release */,
			);
			defaultConfigurationIsVisible = 0;
			defaultConfigurationName = Release;
		};
		21D8FC781E8A59D900B2F920 /* Build configuration list for PBXNativeTarget "RWPickFlavorTests" */ = {
			isa = XCConfigurationList;
			buildConfigurations = (
				21D8FC791E8A59D900B2F920 /* Debug */,
				21D8FC7A1E8A59D900B2F920 /* Release */,
			);
			defaultConfigurationIsVisible = 0;
			defaultConfigurationName = Release;
		};
/* End XCConfigurationList section */
	};
	rootObject = 21D8FC581E8A59D900B2F920 /* Project object */;
}
